
Microsoft Visual Studio Solution File, Format Version 12.00
# Visual Studio Version 17
VisualStudioVersion = 17.4.33213.308
MinimumVisualStudioVersion = 10.0.40219.1
Project("{FAE04EC0-301F-11D3-BF4B-00C04F79EFBC}") = "Jokes", "Jokes\Jokes.csproj", "{266EC897-A679-4C25-9989-10DEF9E480D3}"
EndProject
Project("{FAE04EC0-301F-11D3-BF4B-00C04F79EFBC}") = "Models", "Models\Models.csproj", "{69F1CAE1-6674-4502-B3B3-2919813809D3}"
EndProject
Global
	GlobalSection(SolutionConfigurationPlatforms) = preSolution
		Debug|Any CPU = Debug|Any CPU
		Release|Any CPU = Release|Any CPU
	EndGlobalSection
	GlobalSection(ProjectConfigurationPlatforms) = postSolution
		{266EC897-A679-4C25-9989-10DEF9E480D3}.Debug|Any CPU.ActiveCfg = Debug|Any CPU
		{266EC897-A679-4C25-9989-10DEF9E480D3}.Debug|Any CPU.Build.0 = Debug|Any CPU
		{266EC897-A679-4C25-9989-10DEF9E480D3}.Release|Any CPU.ActiveCfg = Release|Any CPU
		{266EC897-A679-4C25-9989-10DEF9E480D3}.Release|Any CPU.Build.0 = Release|Any CPU
		{69F1CAE1-6674-4502-B3B3-2919813809D3}.Debug|Any CPU.ActiveCfg = Debug|Any CPU
		{69F1CAE1-6674-4502-B3B3-2919813809D3}.Debug|Any CPU.Build.0 = Debug|Any CPU
		{69F1CAE1-6674-4502-B3B3-2919813809D3}.Release|Any CPU.ActiveCfg = Release|Any CPU
		{69F1CAE1-6674-4502-B3B3-2919813809D3}.Release|Any CPU.Build.0 = Release|Any CPU
	EndGlobalSection
	GlobalSection(SolutionProperties) = preSolution
		HideSolutionNode = FALSE
	EndGlobalSection
	GlobalSection(ExtensibilityGlobals) = postSolution
		SolutionGuid = {35ACD2A1-808C-4A20-8725-4DBF99DD6B50}
	EndGlobalSection
EndGlobal
